
Microsoft Visual Studio Solution File, Format Version 12.00
# Visual Studio 2013
VisualStudioVersion = 12.0.30501.0
MinimumVisualStudioVersion = 10.0.40219.1
Project("{FAE04EC0-301F-11D3-BF4B-00C04F79EFBC}") = "AsyncAndParallel", "AsyncAndParallel\AsyncAndParallel.csproj", "{99480B0C-E915-446C-A922-2B006D864F8D}"
EndProject
Project("{FAE04EC0-301F-11D3-BF4B-00C04F79EFBC}") = "AsyncAndParallelTests", "AsyncAndParallelTests\AsyncAndParallelTests.csproj", "{F024DD51-1794-4CAC-83F2-3F6E2EC0691D}"
EndProject
Global
	GlobalSection(SolutionConfigurationPlatforms) = preSolution
		Debug|Any CPU = Debug|Any CPU
		Release|Any CPU = Release|Any CPU
	EndGlobalSection
	GlobalSection(ProjectConfigurationPlatforms) = postSolution
		{99480B0C-E915-446C-A922-2B006D864F8D}.Debug|Any CPU.ActiveCfg = Debug|Any CPU
		{99480B0C-E915-446C-A922-2B006D864F8D}.Debug|Any CPU.Build.0 = Debug|Any CPU
		{99480B0C-E915-446C-A922-2B006D864F8D}.Release|Any CPU.ActiveCfg = Release|Any CPU
		{99480B0C-E915-446C-A922-2B006D864F8D}.Release|Any CPU.Build.0 = Release|Any CPU
		{F024DD51-1794-4CAC-83F2-3F6E2EC0691D}.Debug|Any CPU.ActiveCfg = Debug|Any CPU
		{F024DD51-1794-4CAC-83F2-3F6E2EC0691D}.Debug|Any CPU.Build.0 = Debug|Any CPU
		{F024DD51-1794-4CAC-83F2-3F6E2EC0691D}.Release|Any CPU.ActiveCfg = Release|Any CPU
		{F024DD51-1794-4CAC-83F2-3F6E2EC0691D}.Release|Any CPU.Build.0 = Release|Any CPU
	EndGlobalSection
	GlobalSection(SolutionProperties) = preSolution
		HideSolutionNode = FALSE
	EndGlobalSection
EndGlobal
